
Microsoft Visual Studio Solution File, Format Version 12.00
# Visual Studio Version 16
VisualStudioVersion = 16.6.30114.105
MinimumVisualStudioVersion = 10.0.40219.1
Project("{9A19103F-16F7-4668-BE54-9A1E7A4F7556}") = "OpenDart", "OpenDart\OpenDart.csproj", "{8886A033-F171-492B-AF2C-724DFA0CC044}"
EndProject
Project("{9A19103F-16F7-4668-BE54-9A1E7A4F7556}") = "OpenDartTest", "OpenDartTest\OpenDartTest.csproj", "{A799A88C-8698-4151-9FCA-98E48CD6386B}"
EndProject
Project("{FAE04EC0-301F-11D3-BF4B-00C04F79EFBC}") = "Stock.Appraiser", "Stock.Appraiser\Stock.Appraiser.csproj", "{FEB58B07-359C-47DF-99A8-96C06BFC0352}"
EndProject
Global
	GlobalSection(SolutionConfigurationPlatforms) = preSolution
		Debug|Any CPU = Debug|Any CPU
		Debug|x64 = Debug|x64
		Debug|x86 = Debug|x86
		Release|Any CPU = Release|Any CPU
		Release|x64 = Release|x64
		Release|x86 = Release|x86
	EndGlobalSection
	GlobalSection(ProjectConfigurationPlatforms) = postSolution
		{8886A033-F171-492B-AF2C-724DFA0CC044}.Debug|Any CPU.ActiveCfg = Debug|Any CPU
		{8886A033-F171-492B-AF2C-724DFA0CC044}.Debug|Any CPU.Build.0 = Debug|Any CPU
		{8886A033-F171-492B-AF2C-724DFA0CC044}.Debug|x64.ActiveCfg = Debug|Any CPU
		{8886A033-F171-492B-AF2C-724DFA0CC044}.Debug|x64.Build.0 = Debug|Any CPU
		{8886A033-F171-492B-AF2C-724DFA0CC044}.Debug|x86.ActiveCfg = Debug|Any CPU
		{8886A033-F171-492B-AF2C-724DFA0CC044}.Debug|x86.Build.0 = Debug|Any CPU
		{8886A033-F171-492B-AF2C-724DFA0CC044}.Release|Any CPU.ActiveCfg = Release|Any CPU
		{8886A033-F171-492B-AF2C-724DFA0CC044}.Release|Any CPU.Build.0 = Release|Any CPU
		{8886A033-F171-492B-AF2C-724DFA0CC044}.Release|x64.ActiveCfg = Release|Any CPU
		{8886A033-F171-492B-AF2C-724DFA0CC044}.Release|x64.Build.0 = Release|Any CPU
		{8886A033-F171-492B-AF2C-724DFA0CC044}.Release|x86.ActiveCfg = Release|Any CPU
		{8886A033-F171-492B-AF2C-724DFA0CC044}.Release|x86.Build.0 = Release|Any CPU
		{A799A88C-8698-4151-9FCA-98E48CD6386B}.Debug|Any CPU.ActiveCfg = Debug|Any CPU
		{A799A88C-8698-4151-9FCA-98E48CD6386B}.Debug|Any CPU.Build.0 = Debug|Any CPU
		{A799A88C-8698-4151-9FCA-98E48CD6386B}.Debug|x64.ActiveCfg = Debug|Any CPU
		{A799A88C-8698-4151-9FCA-98E48CD6386B}.Debug|x64.Build.0 = Debug|Any CPU
		{A799A88C-8698-4151-9FCA-98E48CD6386B}.Debug|x86.ActiveCfg = Debug|Any CPU
		{A799A88C-8698-4151-9FCA-98E48CD6386B}.Debug|x86.Build.0 = Debug|Any CPU
		{A799A88C-8698-4151-9FCA-98E48CD6386B}.Release|Any CPU.ActiveCfg = Release|Any CPU
		{A799A88C-8698-4151-9FCA-98E48CD6386B}.Release|Any CPU.Build.0 = Release|Any CPU
		{A799A88C-8698-4151-9FCA-98E48CD6386B}.Release|x64.ActiveCfg = Release|Any CPU
		{A799A88C-8698-4151-9FCA-98E48CD6386B}.Release|x64.Build.0 = Release|Any CPU
		{A799A88C-8698-4151-9FCA-98E48CD6386B}.Release|x86.ActiveCfg = Release|Any CPU
		{A799A88C-8698-4151-9FCA-98E48CD6386B}.Release|x86.Build.0 = Release|Any CPU
		{FEB58B07-359C-47DF-99A8-96C06BFC0352}.Debug|Any CPU.ActiveCfg = Debug|Any CPU
		{FEB58B07-359C-47DF-99A8-96C06BFC0352}.Debug|Any CPU.Build.0 = Debug|Any CPU
		{FEB58B07-359C-47DF-99A8-96C06BFC0352}.Debug|x64.ActiveCfg = Debug|Any CPU
		{FEB58B07-359C-47DF-99A8-96C06BFC0352}.Debug|x64.Build.0 = Debug|Any CPU
		{FEB58B07-359C-47DF-99A8-96C06BFC0352}.Debug|x86.ActiveCfg = Debug|Any CPU
		{FEB58B07-359C-47DF-99A8-96C06BFC0352}.Debug|x86.Build.0 = Debug|Any CPU
		{FEB58B07-359C-47DF-99A8-96C06BFC0352}.Release|Any CPU.ActiveCfg = Release|Any CPU
		{FEB58B07-359C-47DF-99A8-96C06BFC0352}.Release|Any CPU.Build.0 = Release|Any CPU
		{FEB58B07-359C-47DF-99A8-96C06BFC0352}.Release|x64.ActiveCfg = Release|Any CPU
		{FEB58B07-359C-47DF-99A8-96C06BFC0352}.Release|x64.Build.0 = Release|Any CPU
		{FEB58B07-359C-47DF-99A8-96C06BFC0352}.Release|x86.ActiveCfg = Release|Any CPU
		{FEB58B07-359C-47DF-99A8-96C06BFC0352}.Release|x86.Build.0 = Release|Any CPU
	EndGlobalSection
	GlobalSection(SolutionProperties) = preSolution
		HideSolutionNode = FALSE
	EndGlobalSection
	GlobalSection(ExtensibilityGlobals) = postSolution
		SolutionGuid = {77CC9221-BF07-4DD9-9837-DF4F6651FDDD}
	EndGlobalSection
EndGlobal
